
Microsoft Visual Studio Solution File, Format Version 12.00
# Visual Studio Version 17
VisualStudioVersion = 17.11.35303.130
MinimumVisualStudioVersion = 10.0.40219.1
Project("{FAE04EC0-301F-11D3-BF4B-00C04F79EFBC}") = "improvingcsharp", "improvingcsharp\improvingcsharp.csproj", "{D2A332E1-4151-465B-BC6A-92ECDE3502D6}"
EndProject
Project("{9A19103F-16F7-4668-BE54-9A1E7A4F7556}") = "Booleans", "Booleans\Booleans.csproj", "{C67874C3-A9B7-42F0-84F5-1FB29D991BF8}"
EndProject
Project("{9A19103F-16F7-4668-BE54-9A1E7A4F7556}") = "Ifelsecondition", "Ifelsecondition\Ifelsecondition.csproj", "{63BC1405-0FF6-4CD5-B886-F2D272B3D298}"
EndProject
Project("{FAE04EC0-301F-11D3-BF4B-00C04F79EFBC}") = "Switch", "Switch\Switch.csproj", "{68FFD34B-7D05-421B-8F41-10CF788C1109}"
EndProject
Project("{FAE04EC0-301F-11D3-BF4B-00C04F79EFBC}") = "Strings", "Strings\Strings.csproj", "{858BA639-3D3A-437C-A64B-1CA6B58CD496}"
EndProject
Project("{FAE04EC0-301F-11D3-BF4B-00C04F79EFBC}") = "WhileDoWhile", "WhileDoWhile\WhileDoWhile.csproj", "{C86252C5-3DDF-4A97-AB4B-A7963F7116F1}"
EndProject
Global
	GlobalSection(SolutionConfigurationPlatforms) = preSolution
		Debug|Any CPU = Debug|Any CPU
		Release|Any CPU = Release|Any CPU
	EndGlobalSection
	GlobalSection(ProjectConfigurationPlatforms) = postSolution
		{D2A332E1-4151-465B-BC6A-92ECDE3502D6}.Debug|Any CPU.ActiveCfg = Debug|Any CPU
		{D2A332E1-4151-465B-BC6A-92ECDE3502D6}.Debug|Any CPU.Build.0 = Debug|Any CPU
		{D2A332E1-4151-465B-BC6A-92ECDE3502D6}.Release|Any CPU.ActiveCfg = Release|Any CPU
		{D2A332E1-4151-465B-BC6A-92ECDE3502D6}.Release|Any CPU.Build.0 = Release|Any CPU
		{C67874C3-A9B7-42F0-84F5-1FB29D991BF8}.Debug|Any CPU.ActiveCfg = Debug|Any CPU
		{C67874C3-A9B7-42F0-84F5-1FB29D991BF8}.Debug|Any CPU.Build.0 = Debug|Any CPU
		{C67874C3-A9B7-42F0-84F5-1FB29D991BF8}.Release|Any CPU.ActiveCfg = Release|Any CPU
		{C67874C3-A9B7-42F0-84F5-1FB29D991BF8}.Release|Any CPU.Build.0 = Release|Any CPU
		{63BC1405-0FF6-4CD5-B886-F2D272B3D298}.Debug|Any CPU.ActiveCfg = Debug|Any CPU
		{63BC1405-0FF6-4CD5-B886-F2D272B3D298}.Debug|Any CPU.Build.0 = Debug|Any CPU
		{63BC1405-0FF6-4CD5-B886-F2D272B3D298}.Release|Any CPU.ActiveCfg = Release|Any CPU
		{63BC1405-0FF6-4CD5-B886-F2D272B3D298}.Release|Any CPU.Build.0 = Release|Any CPU
		{68FFD34B-7D05-421B-8F41-10CF788C1109}.Debug|Any CPU.ActiveCfg = Debug|Any CPU
		{68FFD34B-7D05-421B-8F41-10CF788C1109}.Debug|Any CPU.Build.0 = Debug|Any CPU
		{68FFD34B-7D05-421B-8F41-10CF788C1109}.Release|Any CPU.ActiveCfg = Release|Any CPU
		{68FFD34B-7D05-421B-8F41-10CF788C1109}.Release|Any CPU.Build.0 = Release|Any CPU
		{858BA639-3D3A-437C-A64B-1CA6B58CD496}.Debug|Any CPU.ActiveCfg = Debug|Any CPU
		{858BA639-3D3A-437C-A64B-1CA6B58CD496}.Debug|Any CPU.Build.0 = Debug|Any CPU
		{858BA639-3D3A-437C-A64B-1CA6B58CD496}.Release|Any CPU.ActiveCfg = Release|Any CPU
		{858BA639-3D3A-437C-A64B-1CA6B58CD496}.Release|Any CPU.Build.0 = Release|Any CPU
		{C86252C5-3DDF-4A97-AB4B-A7963F7116F1}.Debug|Any CPU.ActiveCfg = Debug|Any CPU
		{C86252C5-3DDF-4A97-AB4B-A7963F7116F1}.Debug|Any CPU.Build.0 = Debug|Any CPU
		{C86252C5-3DDF-4A97-AB4B-A7963F7116F1}.Release|Any CPU.ActiveCfg = Release|Any CPU
		{C86252C5-3DDF-4A97-AB4B-A7963F7116F1}.Release|Any CPU.Build.0 = Release|Any CPU
	EndGlobalSection
	GlobalSection(SolutionProperties) = preSolution
		HideSolutionNode = FALSE
	EndGlobalSection
	GlobalSection(ExtensibilityGlobals) = postSolution
		SolutionGuid = {177C3D4B-E138-4054-92EA-8001C0E0031C}
	EndGlobalSection
EndGlobal
